// !$*UTF8*$!
{
	archiveVersion = 1;
	classes = {
	};
	objectVersion = 56;
	objects = {

/* Begin PBXBuildFile section */
		E22608572A629BAE0038A300 /* AppDelegate.swift in Sources */ = {isa = PBXBuildFile; fileRef = E22608562A629BAE0038A300 /* AppDelegate.swift */; };
		E22608592A629BAE0038A300 /* SceneDelegate.swift in Sources */ = {isa = PBXBuildFile; fileRef = E22608582A629BAE0038A300 /* SceneDelegate.swift */; };
		E226085B2A629BAE0038A300 /* ViewController.swift in Sources */ = {isa = PBXBuildFile; fileRef = E226085A2A629BAE0038A300 /* ViewController.swift */; };
		E226085E2A629BAE0038A300 /* Main.storyboard in Resources */ = {isa = PBXBuildFile; fileRef = E226085C2A629BAE0038A300 /* Main.storyboard */; };
		E22608612A629BAE0038A300 /* Forecast.xcdatamodeld in Sources */ = {isa = PBXBuildFile; fileRef = E226085F2A629BAE0038A300 /* Forecast.xcdatamodeld */; };
		E22608632A629BB10038A300 /* Assets.xcassets in Resources */ = {isa = PBXBuildFile; fileRef = E22608622A629BB10038A300 /* Assets.xcassets */; };
		E22608662A629BB10038A300 /* LaunchScreen.storyboard in Resources */ = {isa = PBXBuildFile; fileRef = E22608642A629BB10038A300 /* LaunchScreen.storyboard */; };
		E22608712A629BB20038A300 /* ForecastTests.swift in Sources */ = {isa = PBXBuildFile; fileRef = E22608702A629BB20038A300 /* ForecastTests.swift */; };
		E226087B2A629BB20038A300 /* ForecastUITests.swift in Sources */ = {isa = PBXBuildFile; fileRef = E226087A2A629BB20038A300 /* ForecastUITests.swift */; };
		E226087D2A629BB20038A300 /* ForecastUITestsLaunchTests.swift in Sources */ = {isa = PBXBuildFile; fileRef = E226087C2A629BB20038A300 /* ForecastUITestsLaunchTests.swift */; };
/* End PBXBuildFile section */

/* Begin PBXContainerItemProxy section */
		E226086D2A629BB20038A300 /* PBXContainerItemProxy */ = {
			isa = PBXContainerItemProxy;
			containerPortal = E226084B2A629BAE0038A300 /* Project object */;
			proxyType = 1;
			remoteGlobalIDString = E22608522A629BAE0038A300;
			remoteInfo = Forecast;
		};
		E22608772A629BB20038A300 /* PBXContainerItemProxy */ = {
			isa = PBXContainerItemProxy;
			containerPortal = E226084B2A629BAE0038A300 /* Project object */;
			proxyType = 1;
			remoteGlobalIDString = E22608522A629BAE0038A300;
			remoteInfo = Forecast;
		};
/* End PBXContainerItemProxy section */

/* Begin PBXFileReference section */
		E22608532A629BAE0038A300 /* Forecast.app */ = {isa = PBXFileReference; explicitFileType = wrapper.application; includeInIndex = 0; path = Forecast.app; sourceTree = BUILT_PRODUCTS_DIR; };
		E22608562A629BAE0038A300 /* AppDelegate.swift */ = {isa = PBXFileReference; lastKnownFileType = sourcecode.swift; path = AppDelegate.swift; sourceTree = "<group>"; };
		E22608582A629BAE0038A300 /* SceneDelegate.swift */ = {isa = PBXFileReference; lastKnownFileType = sourcecode.swift; path = SceneDelegate.swift; sourceTree = "<group>"; };
		E226085A2A629BAE0038A300 /* ViewController.swift */ = {isa = PBXFileReference; lastKnownFileType = sourcecode.swift; path = ViewController.swift; sourceTree = "<group>"; };
		E226085D2A629BAE0038A300 /* Base */ = {isa = PBXFileReference; lastKnownFileType = file.storyboard; name = Base; path = Base.lproj/Main.storyboard; sourceTree = "<group>"; };
		E22608602A629BAE0038A300 /* Forecast.xcdatamodel */ = {isa = PBXFileReference; lastKnownFileType = wrapper.xcdatamodel; path = Forecast.xcdatamodel; sourceTree = "<group>"; };
		E22608622A629BB10038A300 /* Assets.xcassets */ = {isa = PBXFileReference; lastKnownFileType = folder.assetcatalog; path = Assets.xcassets; sourceTree = "<group>"; };
		E22608652A629BB10038A300 /* Base */ = {isa = PBXFileReference; lastKnownFileType = file.storyboard; name = Base; path = Base.lproj/LaunchScreen.storyboard; sourceTree = "<group>"; };
		E22608672A629BB10038A300 /* Info.plist */ = {isa = PBXFileReference; lastKnownFileType = text.plist.xml; path = Info.plist; sourceTree = "<group>"; };
		E226086C2A629BB20038A300 /* ForecastTests.xctest */ = {isa = PBXFileReference; explicitFileType = wrapper.cfbundle; includeInIndex = 0; path = ForecastTests.xctest; sourceTree = BUILT_PRODUCTS_DIR; };
		E22608702A629BB20038A300 /* ForecastTests.swift */ = {isa = PBXFileReference; lastKnownFileType = sourcecode.swift; path = ForecastTests.swift; sourceTree = "<group>"; };
		E22608762A629BB20038A300 /* ForecastUITests.xctest */ = {isa = PBXFileReference; explicitFileType = wrapper.cfbundle; includeInIndex = 0; path = ForecastUITests.xctest; sourceTree = BUILT_PRODUCTS_DIR; };
		E226087A2A629BB20038A300 /* ForecastUITests.swift */ = {isa = PBXFileReference; lastKnownFileType = sourcecode.swift; path = ForecastUITests.swift; sourceTree = "<group>"; };
		E226087C2A629BB20038A300 /* ForecastUITestsLaunchTests.swift */ = {isa = PBXFileReference; lastKnownFileType = sourcecode.swift; path = ForecastUITestsLaunchTests.swift; sourceTree = "<group>"; };
/* End PBXFileReference section */

/* Begin PBXFrameworksBuildPhase section */
		E22608502A629BAE0038A300 /* Frameworks */ = {
			isa = PBXFrameworksBuildPhase;
			buildActionMask = 2147483647;
			files = (
			);
			runOnlyForDeploymentPostprocessing = 0;
		};
		E22608692A629BB20038A300 /* Frameworks */ = {
			isa = PBXFrameworksBuildPhase;
			buildActionMask = 2147483647;
			files = (
			);
			runOnlyForDeploymentPostprocessing = 0;
		};
		E22608732A629BB20038A300 /* Frameworks */ = {
			isa = PBXFrameworksBuildPhase;
			buildActionMask = 2147483647;
			files = (
			);
			runOnlyForDeploymentPostprocessing = 0;
		};
/* End PBXFrameworksBuildPhase section */

/* Begin PBXGroup section */
		E226084A2A629BAE0038A300 = {
			isa = PBXGroup;
			children = (
				E22608552A629BAE0038A300 /* Forecast */,
				E226086F2A629BB20038A300 /* ForecastTests */,
				E22608792A629BB20038A300 /* ForecastUITests */,
				E22608542A629BAE0038A300 /* Products */,
			);
			sourceTree = "<group>";
		};
		E22608542A629BAE0038A300 /* Products */ = {
			isa = PBXGroup;
			children = (
				E22608532A629BAE0038A300 /* Forecast.app */,
				E226086C2A629BB20038A300 /* ForecastTests.xctest */,
				E22608762A629BB20038A300 /* ForecastUITests.xctest */,
			);
			name = Products;
			sourceTree = "<group>";
		};
		E22608552A629BAE0038A300 /* Forecast */ = {
			isa = PBXGroup;
			children = (
				E22608562A629BAE0038A300 /* AppDelegate.swift */,
				E22608582A629BAE0038A300 /* SceneDelegate.swift */,
				E226085A2A629BAE0038A300 /* ViewController.swift */,
				E226085C2A629BAE0038A300 /* Main.storyboard */,
				E22608622A629BB10038A300 /* Assets.xcassets */,
				E22608642A629BB10038A300 /* LaunchScreen.storyboard */,
				E22608672A629BB10038A300 /* Info.plist */,
				E226085F2A629BAE0038A300 /* Forecast.xcdatamodeld */,
			);
			path = Forecast;
			sourceTree = "<group>";
		};
		E226086F2A629BB20038A300 /* ForecastTests */ = {
			isa = PBXGroup;
			children = (
				E22608702A629BB20038A300 /* ForecastTests.swift */,
			);
			path = ForecastTests;
			sourceTree = "<group>";
		};
		E22608792A629BB20038A300 /* ForecastUITests */ = {
			isa = PBXGroup;
			children = (
				E226087A2A629BB20038A300 /* ForecastUITests.swift */,
				E226087C2A629BB20038A300 /* ForecastUITestsLaunchTests.swift */,
			);
			path = ForecastUITests;
			sourceTree = "<group>";
		};
/* End PBXGroup section */

/* Begin PBXNativeTarget section */
		E22608522A629BAE0038A300 /* Forecast */ = {
			isa = PBXNativeTarget;
			buildConfigurationList = E22608802A629BB20038A300 /* Build configuration list for PBXNativeTarget "Forecast" */;
			buildPhases = (
				E226084F2A629BAE0038A300 /* Sources */,
				E22608502A629BAE0038A300 /* Frameworks */,
				E22608512A629BAE0038A300 /* Resources */,
			);
			buildRules = (
			);
			dependencies = (
			);
			name = Forecast;
			productName = Forecast;
			productReference = E22608532A629BAE0038A300 /* Forecast.app */;
			productType = "com.apple.product-type.application";
		};
		E226086B2A629BB20038A300 /* ForecastTests */ = {
			isa = PBXNativeTarget;
			buildConfigurationList = E22608832A629BB20038A300 /* Build configuration list for PBXNativeTarget "ForecastTests" */;
			buildPhases = (
				E22608682A629BB20038A300 /* Sources */,
				E22608692A629BB20038A300 /* Frameworks */,
				E226086A2A629BB20038A300 /* Resources */,
			);
			buildRules = (
			);
			dependencies = (
				E226086E2A629BB20038A300 /* PBXTargetDependency */,
			);
			name = ForecastTests;
			productName = ForecastTests;
			productReference = E226086C2A629BB20038A300 /* ForecastTests.xctest */;
			productType = "com.apple.product-type.bundle.unit-test";
		};
		E22608752A629BB20038A300 /* ForecastUITests */ = {
			isa = PBXNativeTarget;
			buildConfigurationList = E22608862A629BB20038A300 /* Build configuration list for PBXNativeTarget "ForecastUITests" */;
			buildPhases = (
				E22608722A629BB20038A300 /* Sources */,
				E22608732A629BB20038A300 /* Frameworks */,
				E22608742A629BB20038A300 /* Resources */,
			);
			buildRules = (
			);
			dependencies = (
				E22608782A629BB20038A300 /* PBXTargetDependency */,
			);
			name = ForecastUITests;
			productName = ForecastUITests;
			productReference = E22608762A629BB20038A300 /* ForecastUITests.xctest */;
			productType = "com.apple.product-type.bundle.ui-testing";
		};
/* End PBXNativeTarget section */

/* Begin PBXProject section */
		E226084B2A629BAE0038A300 /* Project object */ = {
			isa = PBXProject;
			attributes = {
				BuildIndependentTargetsInParallel = 1;
				LastSwiftUpdateCheck = 1430;
				LastUpgradeCheck = 1430;
				TargetAttributes = {
					E22608522A629BAE0038A300 = {
						CreatedOnToolsVersion = 14.3;
					};
					E226086B2A629BB20038A300 = {
						CreatedOnToolsVersion = 14.3;
						TestTargetID = E22608522A629BAE0038A300;
					};
					E22608752A629BB20038A300 = {
						CreatedOnToolsVersion = 14.3;
						TestTargetID = E22608522A629BAE0038A300;
					};
				};
			};
			buildConfigurationList = E226084E2A629BAE0038A300 /* Build configuration list for PBXProject "Forecast" */;
			compatibilityVersion = "Xcode 14.0";
			developmentRegion = en;
			hasScannedForEncodings = 0;
			knownRegions = (
				en,
				Base,
			);
			mainGroup = E226084A2A629BAE0038A300;
			productRefGroup = E22608542A629BAE0038A300 /* Products */;
			projectDirPath = "";
			projectRoot = "";
			targets = (
				E22608522A629BAE0038A300 /* Forecast */,
				E226086B2A629BB20038A300 /* ForecastTests */,
				E22608752A629BB20038A300 /* ForecastUITests */,
			);
		};
/* End PBXProject section */

/* Begin PBXResourcesBuildPhase section */
		E22608512A629BAE0038A300 /* Resources */ = {
			isa = PBXResourcesBuildPhase;
			buildActionMask = 2147483647;
			files = (
				E22608662A629BB10038A300 /* LaunchScreen.storyboard in Resources */,
				E22608632A629BB10038A300 /* Assets.xcassets in Resources */,
				E226085E2A629BAE0038A300 /* Main.storyboard in Resources */,
			);
			runOnlyForDeploymentPostprocessing = 0;
		};
		E226086A2A629BB20038A300 /* Resources */ = {
			isa = PBXResourcesBuildPhase;
			buildActionMask = 2147483647;
			files = (
			);
			runOnlyForDeploymentPostprocessing = 0;
		};
		E22608742A629BB20038A300 /* Resources */ = {
			isa = PBXResourcesBuildPhase;
			buildActionMask = 2147483647;
			files = (
			);
			runOnlyForDeploymentPostprocessing = 0;
		};
/* End PBXResourcesBuildPhase section */

/* Begin PBXSourcesBuildPhase section */
		E226084F2A629BAE0038A300 /* Sources */ = {
			isa = PBXSourcesBuildPhase;
			buildActionMask = 2147483647;
			files = (
				E22608612A629BAE0038A300 /* Forecast.xcdatamodeld in Sources */,
				E226085B2A629BAE0038A300 /* ViewController.swift in Sources */,
				E22608572A629BAE0038A300 /* AppDelegate.swift in Sources */,
				E22608592A629BAE0038A300 /* SceneDelegate.swift in Sources */,
			);
			runOnlyForDeploymentPostprocessing = 0;
		};
		E22608682A629BB20038A300 /* Sources */ = {
			isa = PBXSourcesBuildPhase;
			buildActionMask = 2147483647;
			files = (
				E22608712A629BB20038A300 /* ForecastTests.swift in Sources */,
			);
			runOnlyForDeploymentPostprocessing = 0;
		};
		E22608722A629BB20038A300 /* Sources */ = {
			isa = PBXSourcesBuildPhase;
			buildActionMask = 2147483647;
			files = (
				E226087D2A629BB20038A300 /* ForecastUITestsLaunchTests.swift in Sources */,
				E226087B2A629BB20038A300 /* ForecastUITests.swift in Sources */,
			);
			runOnlyForDeploymentPostprocessing = 0;
		};
/* End PBXSourcesBuildPhase section */

/* Begin PBXTargetDependency section */
		E226086E2A629BB20038A300 /* PBXTargetDependency */ = {
			isa = PBXTargetDependency;
			target = E22608522A629BAE0038A300 /* Forecast */;
			targetProxy = E226086D2A629BB20038A300 /* PBXContainerItemProxy */;
		};
		E22608782A629BB20038A300 /* PBXTargetDependency */ = {
			isa = PBXTargetDependency;
			target = E22608522A629BAE0038A300 /* Forecast */;
			targetProxy = E22608772A629BB20038A300 /* PBXContainerItemProxy */;
		};
/* End PBXTargetDependency section */

/* Begin PBXVariantGroup section */
		E226085C2A629BAE0038A300 /* Main.storyboard */ = {
			isa = PBXVariantGroup;
			children = (
				E226085D2A629BAE0038A300 /* Base */,
			);
			name = Main.storyboard;
			sourceTree = "<group>";
		};
		E22608642A629BB10038A300 /* LaunchScreen.storyboard */ = {
			isa = PBXVariantGroup;
			children = (
				E22608652A629BB10038A300 /* Base */,
			);
			name = LaunchScreen.storyboard;
			sourceTree = "<group>";
		};
/* End PBXVariantGroup section */

/* Begin XCBuildConfiguration section */
		E226087E2A629BB20038A300 /* Debug */ = {
			isa = XCBuildConfiguration;
			buildSettings = {
				ALWAYS_SEARCH_USER_PATHS = NO;
				CLANG_ANALYZER_NONNULL = YES;
				CLANG_ANALYZER_NUMBER_OBJECT_CONVERSION = YES_AGGRESSIVE;
				CLANG_CXX_LANGUAGE_STANDARD = "gnu++20";
				CLANG_ENABLE_MODULES = YES;
				CLANG_ENABLE_OBJC_ARC = YES;
				CLANG_ENABLE_OBJC_WEAK = YES;
				CLANG_WARN_BLOCK_CAPTURE_AUTORELEASING = YES;
				CLANG_WARN_BOOL_CONVERSION = YES;
				CLANG_WARN_COMMA = YES;
				CLANG_WARN_CONSTANT_CONVERSION = YES;
				CLANG_WARN_DEPRECATED_OBJC_IMPLEMENTATIONS = YES;
				CLANG_WARN_DIRECT_OBJC_ISA_USAGE = YES_ERROR;
				CLANG_WARN_DOCUMENTATION_COMMENTS = YES;
				CLANG_WARN_EMPTY_BODY = YES;
				CLANG_WARN_ENUM_CONVERSION = YES;
				CLANG_WARN_INFINITE_RECURSION = YES;
				CLANG_WARN_INT_CONVERSION = YES;
				CLANG_WARN_NON_LITERAL_NULL_CONVERSION = YES;
				CLANG_WARN_OBJC_IMPLICIT_RETAIN_SELF = YES;
				CLANG_WARN_OBJC_LITERAL_CONVERSION = YES;
				CLANG_WARN_OBJC_ROOT_CLASS = YES_ERROR;
				CLANG_WARN_QUOTED_INCLUDE_IN_FRAMEWORK_HEADER = YES;
				CLANG_WARN_RANGE_LOOP_ANALYSIS = YES;
				CLANG_WARN_STRICT_PROTOTYPES = YES;
				CLANG_WARN_SUSPICIOUS_MOVE = YES;
				CLANG_WARN_UNGUARDED_AVAILABILITY = YES_AGGRESSIVE;
				CLANG_WARN_UNREACHABLE_CODE = YES;
				CLANG_WARN__DUPLICATE_METHOD_MATCH = YES;
				COPY_PHASE_STRIP = NO;
				DEBUG_INFORMATION_FORMAT = dwarf;
				ENABLE_STRICT_OBJC_MSGSEND = YES;
				ENABLE_TESTABILITY = YES;
				GCC_C_LANGUAGE_STANDARD = gnu11;
				GCC_DYNAMIC_NO_PIC = NO;
				GCC_NO_COMMON_BLOCKS = YES;
				GCC_OPTIMIZATION_LEVEL = 0;
				GCC_PREPROCESSOR_DEFINITIONS = (
					"DEBUG=1",
					"$(inherited)",
				);
				GCC_WARN_64_TO_32_BIT_CONVERSION = YES;
				GCC_WARN_ABOUT_RETURN_TYPE = YES_ERROR;
				GCC_WARN_UNDECLARED_SELECTOR = YES;
				GCC_WARN_UNINITIALIZED_AUTOS = YES_AGGRESSIVE;
				GCC_WARN_UNUSED_FUNCTION = YES;
				GCC_WARN_UNUSED_VARIABLE = YES;
				IPHONEOS_DEPLOYMENT_TARGET = 16.4;
				MTL_ENABLE_DEBUG_INFO = INCLUDE_SOURCE;
				MTL_FAST_MATH = YES;
				ONLY_ACTIVE_ARCH = YES;
				SDKROOT = iphoneos;
				SWIFT_ACTIVE_COMPILATION_CONDITIONS = DEBUG;
				SWIFT_OPTIMIZATION_LEVEL = "-Onone";
			};
			name = Debug;
		};
		E226087F2A629BB20038A300 /* Release */ = {
			isa = XCBuildConfiguration;
			buildSettings = {
				ALWAYS_SEARCH_USER_PATHS = NO;
				CLANG_ANALYZER_NONNULL = YES;
				CLANG_ANALYZER_NUMBER_OBJECT_CONVERSION = YES_AGGRESSIVE;
				CLANG_CXX_LANGUAGE_STANDARD = "gnu++20";
				CLANG_ENABLE_MODULES = YES;
				CLANG_ENABLE_OBJC_ARC = YES;
				CLANG_ENABLE_OBJC_WEAK = YES;
				CLANG_WARN_BLOCK_CAPTURE_AUTORELEASING = YES;
				CLANG_WARN_BOOL_CONVERSION = YES;
				CLANG_WARN_COMMA = YES;
				CLANG_WARN_CONSTANT_CONVERSION = YES;
				CLANG_WARN_DEPRECATED_OBJC_IMPLEMENTATIONS = YES;
				CLANG_WARN_DIRECT_OBJC_ISA_USAGE = YES_ERROR;
				CLANG_WARN_DOCUMENTATION_COMMENTS = YES;
				CLANG_WARN_EMPTY_BODY = YES;
				CLANG_WARN_ENUM_CONVERSION = YES;
				CLANG_WARN_INFINITE_RECURSION = YES;
				CLANG_WARN_INT_CONVERSION = YES;
				CLANG_WARN_NON_LITERAL_NULL_CONVERSION = YES;
				CLANG_WARN_OBJC_IMPLICIT_RETAIN_SELF = YES;
				CLANG_WARN_OBJC_LITERAL_CONVERSION = YES;
				CLANG_WARN_OBJC_ROOT_CLASS = YES_ERROR;
				CLANG_WARN_QUOTED_INCLUDE_IN_FRAMEWORK_HEADER = YES;
				CLANG_WARN_RANGE_LOOP_ANALYSIS = YES;
				CLANG_WARN_STRICT_PROTOTYPES = YES;
				CLANG_WARN_SUSPICIOUS_MOVE = YES;
				CLANG_WARN_UNGUARDED_AVAILABILITY = YES_AGGRESSIVE;
				CLANG_WARN_UNREACHABLE_CODE = YES;
				CLANG_WARN__DUPLICATE_METHOD_MATCH = YES;
				COPY_PHASE_STRIP = NO;
				DEBUG_INFORMATION_FORMAT = "dwarf-with-dsym";
				ENABLE_NS_ASSERTIONS = NO;
				ENABLE_STRICT_OBJC_MSGSEND = YES;
				GCC_C_LANGUAGE_STANDARD = gnu11;
				GCC_NO_COMMON_BLOCKS = YES;
				GCC_WARN_64_TO_32_BIT_CONVERSION = YES;
				GCC_WARN_ABOUT_RETURN_TYPE = YES_ERROR;
				GCC_WARN_UNDECLARED_SELECTOR = YES;
				GCC_WARN_UNINITIALIZED_AUTOS = YES_AGGRESSIVE;
				GCC_WARN_UNUSED_FUNCTION = YES;
				GCC_WARN_UNUSED_VARIABLE = YES;
				IPHONEOS_DEPLOYMENT_TARGET = 16.4;
				MTL_ENABLE_DEBUG_INFO = NO;
				MTL_FAST_MATH = YES;
				SDKROOT = iphoneos;
				SWIFT_COMPILATION_MODE = wholemodule;
				SWIFT_OPTIMIZATION_LEVEL = "-O";
				VALIDATE_PRODUCT = YES;
			};
			name = Release;
		};
		E22608812A629BB20038A300 /* Debug */ = {
			isa = XCBuildConfiguration;
			buildSettings = {
				ASSETCATALOG_COMPILER_APPICON_NAME = AppIcon;
				ASSETCATALOG_COMPILER_GLOBAL_ACCENT_COLOR_NAME = AccentColor;
				CODE_SIGN_STYLE = Automatic;
				CURRENT_PROJECT_VERSION = 1;
				GENERATE_INFOPLIST_FILE = YES;
				INFOPLIST_FILE = Forecast/Info.plist;
				INFOPLIST_KEY_UIApplicationSupportsIndirectInputEvents = YES;
				INFOPLIST_KEY_UILaunchStoryboardName = LaunchScreen;
				INFOPLIST_KEY_UIMainStoryboardFile = Main;
				INFOPLIST_KEY_UISupportedInterfaceOrientations_iPad = "UIInterfaceOrientationPortrait UIInterfaceOrientationPortraitUpsideDown UIInterfaceOrientationLandscapeLeft UIInterfaceOrientationLandscapeRight";
				INFOPLIST_KEY_UISupportedInterfaceOrientations_iPhone = "UIInterfaceOrientationPortrait UIInterfaceOrientationLandscapeLeft UIInterfaceOrientationLandscapeRight";
				LD_RUNPATH_SEARCH_PATHS = (
					"$(inherited)",
					"@executable_path/Frameworks",
				);
				MARKETING_VERSION = 1.0;
				PRODUCT_BUNDLE_IDENTIFIER = AHMED.Forecast;
				PRODUCT_NAME = "$(TARGET_NAME)";
				SWIFT_EMIT_LOC_STRINGS = YES;
				SWIFT_VERSION = 5.0;
				TARGETED_DEVICE_FAMILY = "1,2";
			};
			name = Debug;
		};
		E22608822A629BB20038A300 /* Release */ = {
			isa = XCBuildConfiguration;
			buildSettings = {
				ASSETCATALOG_COMPILER_APPICON_NAME = AppIcon;
				ASSETCATALOG_COMPILER_GLOBAL_ACCENT_COLOR_NAME = AccentColor;
				CODE_SIGN_STYLE = Automatic;
				CURRENT_PROJECT_VERSION = 1;
				GENERATE_INFOPLIST_FILE = YES;
				INFOPLIST_FILE = Forecast/Info.plist;
				INFOPLIST_KEY_UIApplicationSupportsIndirectInputEvents = YES;
				INFOPLIST_KEY_UILaunchStoryboardName = LaunchScreen;
				INFOPLIST_KEY_UIMainStoryboardFile = Main;
				INFOPLIST_KEY_UISupportedInterfaceOrientations_iPad = "UIInterfaceOrientationPortrait UIInterfaceOrientationPortraitUpsideDown UIInterfaceOrientationLandscapeLeft UIInterfaceOrientationLandscapeRight";
				INFOPLIST_KEY_UISupportedInterfaceOrientations_iPhone = "UIInterfaceOrientationPortrait UIInterfaceOrientationLandscapeLeft UIInterfaceOrientationLandscapeRight";
				LD_RUNPATH_SEARCH_PATHS = (
					"$(inherited)",
					"@executable_path/Frameworks",
				);
				MARKETING_VERSION = 1.0;
				PRODUCT_BUNDLE_IDENTIFIER = AHMED.Forecast;
				PRODUCT_NAME = "$(TARGET_NAME)";
				SWIFT_EMIT_LOC_STRINGS = YES;
				SWIFT_VERSION = 5.0;
				TARGETED_DEVICE_FAMILY = "1,2";
			};
			name = Release;
		};
		E22608842A629BB20038A300 /* Debug */ = {
			isa = XCBuildConfiguration;
			buildSettings = {
				ALWAYS_EMBED_SWIFT_STANDARD_LIBRARIES = YES;
				BUNDLE_LOADER = "$(TEST_HOST)";
				CODE_SIGN_STYLE = Automatic;
				CURRENT_PROJECT_VERSION = 1;
				GENERATE_INFOPLIST_FILE = YES;
				IPHONEOS_DEPLOYMENT_TARGET = 16.4;
				MARKETING_VERSION = 1.0;
				PRODUCT_BUNDLE_IDENTIFIER = AHMED.ForecastTests;
				PRODUCT_NAME = "$(TARGET_NAME)";
				SWIFT_EMIT_LOC_STRINGS = NO;
				SWIFT_VERSION = 5.0;
				TARGETED_DEVICE_FAMILY = "1,2";
				TEST_HOST = "$(BUILT_PRODUCTS_DIR)/Forecast.app/$(BUNDLE_EXECUTABLE_FOLDER_PATH)/Forecast";
			};
			name = Debug;
		};
		E22608852A629BB20038A300 /* Release */ = {
			isa = XCBuildConfiguration;
			buildSettings = {
				ALWAYS_EMBED_SWIFT_STANDARD_LIBRARIES = YES;
				BUNDLE_LOADER = "$(TEST_HOST)";
				CODE_SIGN_STYLE = Automatic;
				CURRENT_PROJECT_VERSION = 1;
				GENERATE_INFOPLIST_FILE = YES;
				IPHONEOS_DEPLOYMENT_TARGET = 16.4;
				MARKETING_VERSION = 1.0;
				PRODUCT_BUNDLE_IDENTIFIER = AHMED.ForecastTests;
				PRODUCT_NAME = "$(TARGET_NAME)";
				SWIFT_EMIT_LOC_STRINGS = NO;
				SWIFT_VERSION = 5.0;
				TARGETED_DEVICE_FAMILY = "1,2";
				TEST_HOST = "$(BUILT_PRODUCTS_DIR)/Forecast.app/$(BUNDLE_EXECUTABLE_FOLDER_PATH)/Forecast";
			};
			name = Release;
		};
		E22608872A629BB20038A300 /* Debug */ = {
			isa = XCBuildConfiguration;
			buildSettings = {
				ALWAYS_EMBED_SWIFT_STANDARD_LIBRARIES = YES;
				CODE_SIGN_STYLE = Automatic;
				CURRENT_PROJECT_VERSION = 1;
				GENERATE_INFOPLIST_FILE = YES;
				MARKETING_VERSION = 1.0;
				PRODUCT_BUNDLE_IDENTIFIER = AHMED.ForecastUITests;
				PRODUCT_NAME = "$(TARGET_NAME)";
				SWIFT_EMIT_LOC_STRINGS = NO;
				SWIFT_VERSION = 5.0;
				TARGETED_DEVICE_FAMILY = "1,2";
				TEST_TARGET_NAME = Forecast;
			};
			name = Debug;
		};
		E22608882A629BB20038A300 /* Release */ = {
			isa = XCBuildConfiguration;
			buildSettings = {
				ALWAYS_EMBED_SWIFT_STANDARD_LIBRARIES = YES;
				CODE_SIGN_STYLE = Automatic;
				CURRENT_PROJECT_VERSION = 1;
				GENERATE_INFOPLIST_FILE = YES;
				MARKETING_VERSION = 1.0;
				PRODUCT_BUNDLE_IDENTIFIER = AHMED.ForecastUITests;
				PRODUCT_NAME = "$(TARGET_NAME)";
				SWIFT_EMIT_LOC_STRINGS = NO;
				SWIFT_VERSION = 5.0;
				TARGETED_DEVICE_FAMILY = "1,2";
				TEST_TARGET_NAME = Forecast;
			};
			name = Release;
		};
/* End XCBuildConfiguration section */

/* Begin XCConfigurationList section */
		E226084E2A629BAE0038A300 /* Build configuration list for PBXProject "Forecast" */ = {
			isa = XCConfigurationList;
			buildConfigurations = (
				E226087E2A629BB20038A300 /* Debug */,
				E226087F2A629BB20038A300 /* Release */,
			);
			defaultConfigurationIsVisible = 0;
			defaultConfigurationName = Release;
		};
		E22608802A629BB20038A300 /* Build configuration list for PBXNativeTarget "Forecast" */ = {
			isa = XCConfigurationList;
			buildConfigurations = (
				E22608812A629BB20038A300 /* Debug */,
				E22608822A629BB20038A300 /* Release */,
			);
			defaultConfigurationIsVisible = 0;
			defaultConfigurationName = Release;
		};
		E22608832A629BB20038A300 /* Build configuration list for PBXNativeTarget "ForecastTests" */ = {
			isa = XCConfigurationList;
			buildConfigurations = (
				E22608842A629BB20038A300 /* Debug */,
				E22608852A629BB20038A300 /* Release */,
			);
			defaultConfigurationIsVisible = 0;
			defaultConfigurationName = Release;
		};
		E22608862A629BB20038A300 /* Build configuration list for PBXNativeTarget "ForecastUITests" */ = {
			isa = XCConfigurationList;
			buildConfigurations = (
				E22608872A629BB20038A300 /* Debug */,
				E22608882A629BB20038A300 /* Release */,
			);
			defaultConfigurationIsVisible = 0;
			defaultConfigurationName = Release;
		};
/* End XCConfigurationList section */

/* Begin XCVersionGroup section */
		E226085F2A629BAE0038A300 /* Forecast.xcdatamodeld */ = {
			isa = XCVersionGroup;
			children = (
				E22608602A629BAE0038A300 /* Forecast.xcdatamodel */,
			);
			currentVersion = E22608602A629BAE0038A300 /* Forecast.xcdatamodel */;
			path = Forecast.xcdatamodeld;
			sourceTree = "<group>";
			versionGroupType = wrapper.xcdatamodel;
		};
/* End XCVersionGroup section */
	};
	rootObject = E226084B2A629BAE0038A300 /* Project object */;
}
